
Microsoft Visual Studio Solution File, Format Version 12.00
# Visual Studio Version 17
VisualStudioVersion = 17.2.32616.157
MinimumVisualStudioVersion = 10.0.40219.1
Project("{9A19103F-16F7-4668-BE54-9A1E7A4F7556}") = "AspNetAuth", "AspNetAuth\AspNetAuth.csproj", "{5A0BF5B2-A03E-47A0-A0D8-95962722C6F0}"
EndProject
Project("{9A19103F-16F7-4668-BE54-9A1E7A4F7556}") = "AspNetAuthFilter", "AspNetAuthFilter\AspNetAuthFilter.csproj", "{9E448E71-136F-4660-A6DC-733EE25251BF}"
EndProject
Project("{9A19103F-16F7-4668-BE54-9A1E7A4F7556}") = "AspNetAccessMySql", "AspNetAccessMySql\AspNetAccessMySql.csproj", "{758F8944-3DAC-4483-849B-2A11A0139B13}"
EndProject
Project("{9A19103F-16F7-4668-BE54-9A1E7A4F7556}") = "AspNetAccessMongoDB", "AspNetAccessMongoDB\AspNetAccessMongoDB.csproj", "{B5E76DA8-9A60-464D-9C94-73B25C17A379}"
EndProject
Project("{2150E333-8FDC-42A3-9474-1A3956D46DE8}") = "DotNetRabbitMQ", "DotNetRabbitMQ", "{675D15BA-C19F-4FFF-BE5A-E1E7BFC924BA}"
EndProject
Project("{2150E333-8FDC-42A3-9474-1A3956D46DE8}") = "DotNetRabbitMQ.ModeDemo", "DotNetRabbitMQ.ModeDemo", "{04E998FF-8B87-49E3-BA02-646C4BB8BD9D}"
EndProject
Project("{9A19103F-16F7-4668-BE54-9A1E7A4F7556}") = "DotNetRabbitMQ.ModeDemo.Consumer", "DotNetRabbitMQ\DotNetRabbitMQ.ModeDemo\DotNetRabbitMQ.ModeDemo.Consumer\DotNetRabbitMQ.ModeDemo.Consumer.csproj", "{6F2547D7-BEF0-442F-B0AA-4E431C742ACC}"
EndProject
Project("{9A19103F-16F7-4668-BE54-9A1E7A4F7556}") = "DotNetRabbitMQ.ModeDemo.Producer", "DotNetRabbitMQ\DotNetRabbitMQ.ModeDemo\DotNetRabbitMQ.ModeDemo.Producer\DotNetRabbitMQ.ModeDemo.Producer.csproj", "{D07C51B5-0859-44A7-9B3A-1E959A44D5EE}"
EndProject
Project("{9A19103F-16F7-4668-BE54-9A1E7A4F7556}") = "DotNetRabbitMQ.ModeDemo.Utils", "DotNetRabbitMQ\DotNetRabbitMQ.ModeDemo\DotNetRabbitMQ.ModeDemo.Utils\DotNetRabbitMQ.ModeDemo.Utils.csproj", "{E318CE52-2656-49B4-8084-6F45DFA79FF7}"
EndProject
Project("{2150E333-8FDC-42A3-9474-1A3956D46DE8}") = "DotNetKafka", "DotNetKafka", "{8E516DC7-0458-4062-81D8-29A8098A47D8}"
EndProject
Project("{9A19103F-16F7-4668-BE54-9A1E7A4F7556}") = "DotNetKafka.Producer", "DotNetKafka\DotNetKafka.Producer\DotNetKafka.Producer.csproj", "{7C94E22D-30B0-42F9-9BDF-84BE893F07A6}"
EndProject
Project("{9A19103F-16F7-4668-BE54-9A1E7A4F7556}") = "DotNetKafka.Consumer", "DotNetKafka\DotNetKafka.Consumer\DotNetKafka.Consumer.csproj", "{5852F30A-8E96-4AAE-92EB-672C48F7C681}"
EndProject
Project("{2150E333-8FDC-42A3-9474-1A3956D46DE8}") = "DotNetElasticsearch", "DotNetElasticsearch", "{8E8E3D87-27F0-40A6-B086-766FB7C8FBF5}"
EndProject
Project("{9A19103F-16F7-4668-BE54-9A1E7A4F7556}") = "DotNetElasticsearch.BasicDemo", "DotNetElasticsearch\DotNetElasticsearch.BasicDemo\DotNetElasticsearch.BasicDemo.csproj", "{94361486-1958-4DBA-B9F5-589AE6BB2A5C}"
EndProject
Project("{2150E333-8FDC-42A3-9474-1A3956D46DE8}") = "DotNetQuartz", "DotNetQuartz", "{4252FE37-268A-4EB3-8885-258181EF5513}"
EndProject
Project("{9A19103F-16F7-4668-BE54-9A1E7A4F7556}") = "DotNetQuartz.BasicDemo", "DotNetQuartz\DotNetQuartz.BasicDemo\DotNetQuartz.BasicDemo.csproj", "{70AD53F7-B642-40C7-B964-6797D7C362E4}"
EndProject
Project("{9A19103F-16F7-4668-BE54-9A1E7A4F7556}") = "DotNetBenchmark", "DotNetBenchmark\DotNetBenchmark.csproj", "{25E9337C-8E28-4EDA-872F-35F879B83069}"
EndProject
Project("{2150E333-8FDC-42A3-9474-1A3956D46DE8}") = "DotNetAccessMySql", "DotNetAccessMySql", "{99BF732A-A8DA-4CE0-A3D3-2E72F95E4179}"
EndProject
Project("{9A19103F-16F7-4668-BE54-9A1E7A4F7556}") = "DotNetAccessMySql.CodeFirst", "DotNetAccessMySql\DotNetAccessMySql.CodeFirst\DotNetAccessMySql.CodeFirst.csproj", "{E0B68B41-6206-48CF-9A32-F6F44AF16EC9}"
EndProject
Project("{9A19103F-16F7-4668-BE54-9A1E7A4F7556}") = "DotNetAccessMySql.DBFirst", "DotNetAccessMySql\DotNetAccessMySql.DBFirst\DotNetAccessMySql.DBFirst.csproj", "{10790436-5C9F-47AC-BA9B-E0787DFD2F56}"
EndProject
Project("{9A19103F-16F7-4668-BE54-9A1E7A4F7556}") = "AspNetMediatR", "AspNetMediatR\AspNetMediatR.csproj", "{D3E5AE4D-9DF3-4B5F-9046-DA1231BDDDB8}"
EndProject
Project("{2150E333-8FDC-42A3-9474-1A3956D46DE8}") = "DotNetGrpc", "DotNetGrpc", "{D1EB3A45-E865-4DFB-9872-74A3660FF215}"
EndProject
Project("{9A19103F-16F7-4668-BE54-9A1E7A4F7556}") = "DotNetGrpc.Client", "DotNetGrpc\DotNetGrpc.Client\DotNetGrpc.Client.csproj", "{7A92A3CE-C7B1-4F22-AD66-DDA9A8864078}"
EndProject
Project("{9A19103F-16F7-4668-BE54-9A1E7A4F7556}") = "DotNetGrpc.Server", "DotNetGrpc\DotNetGrpc.Server\DotNetGrpc.Server.csproj", "{02DE51B5-F804-4854-BE79-7A39F3AB5623}"
EndProject
Project("{2150E333-8FDC-42A3-9474-1A3956D46DE8}") = "AspNetDistributedLocks", "AspNetDistributedLocks", "{9849F045-2409-4649-A8E7-794456C8A39C}"
EndProject
Project("{9A19103F-16F7-4668-BE54-9A1E7A4F7556}") = "RedisDistributedLock", "AspNetDistributedLocks\RedisDistributedLock\RedisDistributedLock.csproj", "{F7E41A94-6E5D-46CD-8DD2-4764D3BC2EA9}"
EndProject
Project("{9A19103F-16F7-4668-BE54-9A1E7A4F7556}") = "DataBaseDistributedLock", "AspNetDistributedLocks\DataBaseDistributedLock\DataBaseDistributedLock.csproj", "{3BEB0577-B6D6-4881-A2BC-4151182E008B}"
EndProject
Project("{2150E333-8FDC-42A3-9474-1A3956D46DE8}") = "DotNetOpenTelemetry", "DotNetOpenTelemetry", "{0F1A402B-92DB-4E9C-9FCA-F40221BC88E5}"
EndProject
Project("{9A19103F-16F7-4668-BE54-9A1E7A4F7556}") = "DotNetOpenTelemetry.Web", "DotNetOpenTelemetry\DotNetOpenTelemetry.Web\DotNetOpenTelemetry.Web.csproj", "{6D525934-BB77-4328-B3AB-C032122C7D67}"
EndProject
Project("{9A19103F-16F7-4668-BE54-9A1E7A4F7556}") = "DotNetOpenTelemetry.Console", "DotNetOpenTelemetry\DotNetOpenTelemetry.Console\DotNetOpenTelemetry.Console.csproj", "{E7BAAC6E-2FB4-4D9C-8459-88D971992919}"
EndProject
Project("{2150E333-8FDC-42A3-9474-1A3956D46DE8}") = "DotNetOpenTelemetry.Microservice", "DotNetOpenTelemetry.Microservice", "{CE19401D-A5A6-4FD9-A42F-1C20CDF77937}"
EndProject
Project("{9A19103F-16F7-4668-BE54-9A1E7A4F7556}") = "DotNetOpenTelemetry.Microservice.WebApi1ToWebApi2", "DotNetOpenTelemetry\DotNetOpenTelemetry.Microservice\DotNetOpenTelemetry.Microservice.WebApi1ToWebApi2\DotNetOpenTelemetry.Microservice.WebApi1ToWebApi2.csproj", "{EFB9E235-D910-4263-B8F9-93C54DC1F1A7}"
EndProject
Project("{9A19103F-16F7-4668-BE54-9A1E7A4F7556}") = "DotNetOpenTelemetry.Microservice.RabbitMQ4", "DotNetOpenTelemetry\DotNetOpenTelemetry.Microservice\DotNetOpenTelemetry.Microservice.RabbitMQ4\DotNetOpenTelemetry.Microservice.RabbitMQ4.csproj", "{F8BA225E-63D8-4BEC-B5C0-20A7FE24AB81}"
EndProject
Project("{9A19103F-16F7-4668-BE54-9A1E7A4F7556}") = "DotNetOpenTelemetry.Microservice.WebApi2ToGrpc3", "DotNetOpenTelemetry\DotNetOpenTelemetry.Microservice\DotNetOpenTelemetry.Microservice.WebApi2ToGrpc3\DotNetOpenTelemetry.Microservice.WebApi2ToGrpc3.csproj", "{D4E626C3-758A-46C0-A743-A0874220DF23}"
EndProject
Project("{9A19103F-16F7-4668-BE54-9A1E7A4F7556}") = "DotNetOpenTelemetry.Microservice.Grpc3ToRabbitMQ4", "DotNetOpenTelemetry\DotNetOpenTelemetry.Microservice\DotNetOpenTelemetry.Microservice.Grpc3ToRabbitMQ4\DotNetOpenTelemetry.Microservice.Grpc3ToRabbitMQ4.csproj", "{7AC3AD64-0CB8-4D77-9A63-33AA83732B97}"
EndProject
Project("{2150E333-8FDC-42A3-9474-1A3956D46DE8}") = "DotNetWebSocket", "DotNetWebSocket", "{27E7256B-2300-48C8-A73B-7AB612D2123F}"
EndProject
Project("{9A19103F-16F7-4668-BE54-9A1E7A4F7556}") = "AspNetSignalR", "DotNetWebSocket\AspNetSignalR\AspNetSignalR.csproj", "{3F8013FF-74E7-48E3-B067-AA29787CF510}"
EndProject
Project("{2150E333-8FDC-42A3-9474-1A3956D46DE8}") = "DotNetHook", "DotNetHook", "{86D9EC56-B3B0-44AD-B1D4-1821F51D547C}"
EndProject
Project("{FAE04EC0-301F-11D3-BF4B-00C04F79EFBC}") = "DotNetHarmony", "DotNetHook\DotNetHarmony\DotNetHarmony.csproj", "{818D3EB7-9AFB-423C-AA9A-BB2F59F104ED}"
EndProject
Project("{FAE04EC0-301F-11D3-BF4B-00C04F79EFBC}") = "DotNetClass", "DotNetHook\DotNetClass\DotNetClass.csproj", "{03B8623F-BF1F-42F0-9A14-83901E52F1E8}"
EndProject
Project("{FAE04EC0-301F-11D3-BF4B-00C04F79EFBC}") = "DotNetHosting", "DotNetHosting\DotNetHosting.csproj", "{5544F397-0541-41B0-B295-8FB4BB75BC40}"
EndProject
Global
	GlobalSection(SolutionConfigurationPlatforms) = preSolution
		Debug|Any CPU = Debug|Any CPU
		Release|Any CPU = Release|Any CPU
	EndGlobalSection
	GlobalSection(ProjectConfigurationPlatforms) = postSolution
		{5A0BF5B2-A03E-47A0-A0D8-95962722C6F0}.Debug|Any CPU.ActiveCfg = Debug|Any CPU
		{5A0BF5B2-A03E-47A0-A0D8-95962722C6F0}.Debug|Any CPU.Build.0 = Debug|Any CPU
		{5A0BF5B2-A03E-47A0-A0D8-95962722C6F0}.Release|Any CPU.ActiveCfg = Release|Any CPU
		{5A0BF5B2-A03E-47A0-A0D8-95962722C6F0}.Release|Any CPU.Build.0 = Release|Any CPU
		{9E448E71-136F-4660-A6DC-733EE25251BF}.Debug|Any CPU.ActiveCfg = Debug|Any CPU
		{9E448E71-136F-4660-A6DC-733EE25251BF}.Debug|Any CPU.Build.0 = Debug|Any CPU
		{9E448E71-136F-4660-A6DC-733EE25251BF}.Release|Any CPU.ActiveCfg = Release|Any CPU
		{9E448E71-136F-4660-A6DC-733EE25251BF}.Release|Any CPU.Build.0 = Release|Any CPU
		{758F8944-3DAC-4483-849B-2A11A0139B13}.Debug|Any CPU.ActiveCfg = Debug|Any CPU
		{758F8944-3DAC-4483-849B-2A11A0139B13}.Debug|Any CPU.Build.0 = Debug|Any CPU
		{758F8944-3DAC-4483-849B-2A11A0139B13}.Release|Any CPU.ActiveCfg = Release|Any CPU
		{758F8944-3DAC-4483-849B-2A11A0139B13}.Release|Any CPU.Build.0 = Release|Any CPU
		{B5E76DA8-9A60-464D-9C94-73B25C17A379}.Debug|Any CPU.ActiveCfg = Debug|Any CPU
		{B5E76DA8-9A60-464D-9C94-73B25C17A379}.Debug|Any CPU.Build.0 = Debug|Any CPU
		{B5E76DA8-9A60-464D-9C94-73B25C17A379}.Release|Any CPU.ActiveCfg = Release|Any CPU
		{B5E76DA8-9A60-464D-9C94-73B25C17A379}.Release|Any CPU.Build.0 = Release|Any CPU
		{6F2547D7-BEF0-442F-B0AA-4E431C742ACC}.Debug|Any CPU.ActiveCfg = Debug|Any CPU
		{6F2547D7-BEF0-442F-B0AA-4E431C742ACC}.Debug|Any CPU.Build.0 = Debug|Any CPU
		{6F2547D7-BEF0-442F-B0AA-4E431C742ACC}.Release|Any CPU.ActiveCfg = Release|Any CPU
		{6F2547D7-BEF0-442F-B0AA-4E431C742ACC}.Release|Any CPU.Build.0 = Release|Any CPU
		{D07C51B5-0859-44A7-9B3A-1E959A44D5EE}.Debug|Any CPU.ActiveCfg = Debug|Any CPU
		{D07C51B5-0859-44A7-9B3A-1E959A44D5EE}.Debug|Any CPU.Build.0 = Debug|Any CPU
		{D07C51B5-0859-44A7-9B3A-1E959A44D5EE}.Release|Any CPU.ActiveCfg = Release|Any CPU
		{D07C51B5-0859-44A7-9B3A-1E959A44D5EE}.Release|Any CPU.Build.0 = Release|Any CPU
		{E318CE52-2656-49B4-8084-6F45DFA79FF7}.Debug|Any CPU.ActiveCfg = Debug|Any CPU
		{E318CE52-2656-49B4-8084-6F45DFA79FF7}.Debug|Any CPU.Build.0 = Debug|Any CPU
		{E318CE52-2656-49B4-8084-6F45DFA79FF7}.Release|Any CPU.ActiveCfg = Release|Any CPU
		{E318CE52-2656-49B4-8084-6F45DFA79FF7}.Release|Any CPU.Build.0 = Release|Any CPU
		{7C94E22D-30B0-42F9-9BDF-84BE893F07A6}.Debug|Any CPU.ActiveCfg = Debug|Any CPU
		{7C94E22D-30B0-42F9-9BDF-84BE893F07A6}.Debug|Any CPU.Build.0 = Debug|Any CPU
		{7C94E22D-30B0-42F9-9BDF-84BE893F07A6}.Release|Any CPU.ActiveCfg = Release|Any CPU
		{7C94E22D-30B0-42F9-9BDF-84BE893F07A6}.Release|Any CPU.Build.0 = Release|Any CPU
		{5852F30A-8E96-4AAE-92EB-672C48F7C681}.Debug|Any CPU.ActiveCfg = Debug|Any CPU
		{5852F30A-8E96-4AAE-92EB-672C48F7C681}.Debug|Any CPU.Build.0 = Debug|Any CPU
		{5852F30A-8E96-4AAE-92EB-672C48F7C681}.Release|Any CPU.ActiveCfg = Release|Any CPU
		{5852F30A-8E96-4AAE-92EB-672C48F7C681}.Release|Any CPU.Build.0 = Release|Any CPU
		{94361486-1958-4DBA-B9F5-589AE6BB2A5C}.Debug|Any CPU.ActiveCfg = Debug|Any CPU
		{94361486-1958-4DBA-B9F5-589AE6BB2A5C}.Debug|Any CPU.Build.0 = Debug|Any CPU
		{94361486-1958-4DBA-B9F5-589AE6BB2A5C}.Release|Any CPU.ActiveCfg = Release|Any CPU
		{94361486-1958-4DBA-B9F5-589AE6BB2A5C}.Release|Any CPU.Build.0 = Release|Any CPU
		{70AD53F7-B642-40C7-B964-6797D7C362E4}.Debug|Any CPU.ActiveCfg = Debug|Any CPU
		{70AD53F7-B642-40C7-B964-6797D7C362E4}.Debug|Any CPU.Build.0 = Debug|Any CPU
		{70AD53F7-B642-40C7-B964-6797D7C362E4}.Release|Any CPU.ActiveCfg = Release|Any CPU
		{70AD53F7-B642-40C7-B964-6797D7C362E4}.Release|Any CPU.Build.0 = Release|Any CPU
		{25E9337C-8E28-4EDA-872F-35F879B83069}.Debug|Any CPU.ActiveCfg = Debug|Any CPU
		{25E9337C-8E28-4EDA-872F-35F879B83069}.Debug|Any CPU.Build.0 = Debug|Any CPU
		{25E9337C-8E28-4EDA-872F-35F879B83069}.Release|Any CPU.ActiveCfg = Release|Any CPU
		{25E9337C-8E28-4EDA-872F-35F879B83069}.Release|Any CPU.Build.0 = Release|Any CPU
		{E0B68B41-6206-48CF-9A32-F6F44AF16EC9}.Debug|Any CPU.ActiveCfg = Debug|Any CPU
		{E0B68B41-6206-48CF-9A32-F6F44AF16EC9}.Debug|Any CPU.Build.0 = Debug|Any CPU
		{E0B68B41-6206-48CF-9A32-F6F44AF16EC9}.Release|Any CPU.ActiveCfg = Release|Any CPU
		{E0B68B41-6206-48CF-9A32-F6F44AF16EC9}.Release|Any CPU.Build.0 = Release|Any CPU
		{10790436-5C9F-47AC-BA9B-E0787DFD2F56}.Debug|Any CPU.ActiveCfg = Debug|Any CPU
		{10790436-5C9F-47AC-BA9B-E0787DFD2F56}.Debug|Any CPU.Build.0 = Debug|Any CPU
		{10790436-5C9F-47AC-BA9B-E0787DFD2F56}.Release|Any CPU.ActiveCfg = Release|Any CPU
		{10790436-5C9F-47AC-BA9B-E0787DFD2F56}.Release|Any CPU.Build.0 = Release|Any CPU
		{D3E5AE4D-9DF3-4B5F-9046-DA1231BDDDB8}.Debug|Any CPU.ActiveCfg = Debug|Any CPU
		{D3E5AE4D-9DF3-4B5F-9046-DA1231BDDDB8}.Debug|Any CPU.Build.0 = Debug|Any CPU
		{D3E5AE4D-9DF3-4B5F-9046-DA1231BDDDB8}.Release|Any CPU.ActiveCfg = Release|Any CPU
		{D3E5AE4D-9DF3-4B5F-9046-DA1231BDDDB8}.Release|Any CPU.Build.0 = Release|Any CPU
		{7A92A3CE-C7B1-4F22-AD66-DDA9A8864078}.Debug|Any CPU.ActiveCfg = Debug|Any CPU
		{7A92A3CE-C7B1-4F22-AD66-DDA9A8864078}.Debug|Any CPU.Build.0 = Debug|Any CPU
		{7A92A3CE-C7B1-4F22-AD66-DDA9A8864078}.Release|Any CPU.ActiveCfg = Release|Any CPU
		{7A92A3CE-C7B1-4F22-AD66-DDA9A8864078}.Release|Any CPU.Build.0 = Release|Any CPU
		{02DE51B5-F804-4854-BE79-7A39F3AB5623}.Debug|Any CPU.ActiveCfg = Debug|Any CPU
		{02DE51B5-F804-4854-BE79-7A39F3AB5623}.Debug|Any CPU.Build.0 = Debug|Any CPU
		{02DE51B5-F804-4854-BE79-7A39F3AB5623}.Release|Any CPU.ActiveCfg = Release|Any CPU
		{02DE51B5-F804-4854-BE79-7A39F3AB5623}.Release|Any CPU.Build.0 = Release|Any CPU
		{F7E41A94-6E5D-46CD-8DD2-4764D3BC2EA9}.Debug|Any CPU.ActiveCfg = Debug|Any CPU
		{F7E41A94-6E5D-46CD-8DD2-4764D3BC2EA9}.Debug|Any CPU.Build.0 = Debug|Any CPU
		{F7E41A94-6E5D-46CD-8DD2-4764D3BC2EA9}.Release|Any CPU.ActiveCfg = Release|Any CPU
		{F7E41A94-6E5D-46CD-8DD2-4764D3BC2EA9}.Release|Any CPU.Build.0 = Release|Any CPU
		{3BEB0577-B6D6-4881-A2BC-4151182E008B}.Debug|Any CPU.ActiveCfg = Debug|Any CPU
		{3BEB0577-B6D6-4881-A2BC-4151182E008B}.Debug|Any CPU.Build.0 = Debug|Any CPU
		{3BEB0577-B6D6-4881-A2BC-4151182E008B}.Release|Any CPU.ActiveCfg = Release|Any CPU
		{3BEB0577-B6D6-4881-A2BC-4151182E008B}.Release|Any CPU.Build.0 = Release|Any CPU
		{6D525934-BB77-4328-B3AB-C032122C7D67}.Debug|Any CPU.ActiveCfg = Debug|Any CPU
		{6D525934-BB77-4328-B3AB-C032122C7D67}.Debug|Any CPU.Build.0 = Debug|Any CPU
		{6D525934-BB77-4328-B3AB-C032122C7D67}.Release|Any CPU.ActiveCfg = Release|Any CPU
		{6D525934-BB77-4328-B3AB-C032122C7D67}.Release|Any CPU.Build.0 = Release|Any CPU
		{E7BAAC6E-2FB4-4D9C-8459-88D971992919}.Debug|Any CPU.ActiveCfg = Debug|Any CPU
		{E7BAAC6E-2FB4-4D9C-8459-88D971992919}.Debug|Any CPU.Build.0 = Debug|Any CPU
		{E7BAAC6E-2FB4-4D9C-8459-88D971992919}.Release|Any CPU.ActiveCfg = Release|Any CPU
		{E7BAAC6E-2FB4-4D9C-8459-88D971992919}.Release|Any CPU.Build.0 = Release|Any CPU
		{EFB9E235-D910-4263-B8F9-93C54DC1F1A7}.Debug|Any CPU.ActiveCfg = Debug|Any CPU
		{EFB9E235-D910-4263-B8F9-93C54DC1F1A7}.Debug|Any CPU.Build.0 = Debug|Any CPU
		{EFB9E235-D910-4263-B8F9-93C54DC1F1A7}.Release|Any CPU.ActiveCfg = Release|Any CPU
		{EFB9E235-D910-4263-B8F9-93C54DC1F1A7}.Release|Any CPU.Build.0 = Release|Any CPU
		{F8BA225E-63D8-4BEC-B5C0-20A7FE24AB81}.Debug|Any CPU.ActiveCfg = Debug|Any CPU
		{F8BA225E-63D8-4BEC-B5C0-20A7FE24AB81}.Debug|Any CPU.Build.0 = Debug|Any CPU
		{F8BA225E-63D8-4BEC-B5C0-20A7FE24AB81}.Release|Any CPU.ActiveCfg = Release|Any CPU
		{F8BA225E-63D8-4BEC-B5C0-20A7FE24AB81}.Release|Any CPU.Build.0 = Release|Any CPU
		{D4E626C3-758A-46C0-A743-A0874220DF23}.Debug|Any CPU.ActiveCfg = Debug|Any CPU
		{D4E626C3-758A-46C0-A743-A0874220DF23}.Debug|Any CPU.Build.0 = Debug|Any CPU
		{D4E626C3-758A-46C0-A743-A0874220DF23}.Release|Any CPU.ActiveCfg = Release|Any CPU
		{D4E626C3-758A-46C0-A743-A0874220DF23}.Release|Any CPU.Build.0 = Release|Any CPU
		{7AC3AD64-0CB8-4D77-9A63-33AA83732B97}.Debug|Any CPU.ActiveCfg = Debug|Any CPU
		{7AC3AD64-0CB8-4D77-9A63-33AA83732B97}.Debug|Any CPU.Build.0 = Debug|Any CPU
		{7AC3AD64-0CB8-4D77-9A63-33AA83732B97}.Release|Any CPU.ActiveCfg = Release|Any CPU
		{7AC3AD64-0CB8-4D77-9A63-33AA83732B97}.Release|Any CPU.Build.0 = Release|Any CPU
		{3F8013FF-74E7-48E3-B067-AA29787CF510}.Debug|Any CPU.ActiveCfg = Debug|Any CPU
		{3F8013FF-74E7-48E3-B067-AA29787CF510}.Debug|Any CPU.Build.0 = Debug|Any CPU
		{3F8013FF-74E7-48E3-B067-AA29787CF510}.Release|Any CPU.ActiveCfg = Release|Any CPU
		{3F8013FF-74E7-48E3-B067-AA29787CF510}.Release|Any CPU.Build.0 = Release|Any CPU
		{818D3EB7-9AFB-423C-AA9A-BB2F59F104ED}.Debug|Any CPU.ActiveCfg = Debug|Any CPU
		{818D3EB7-9AFB-423C-AA9A-BB2F59F104ED}.Debug|Any CPU.Build.0 = Debug|Any CPU
		{818D3EB7-9AFB-423C-AA9A-BB2F59F104ED}.Release|Any CPU.ActiveCfg = Release|Any CPU
		{818D3EB7-9AFB-423C-AA9A-BB2F59F104ED}.Release|Any CPU.Build.0 = Release|Any CPU
		{03B8623F-BF1F-42F0-9A14-83901E52F1E8}.Debug|Any CPU.ActiveCfg = Debug|Any CPU
		{03B8623F-BF1F-42F0-9A14-83901E52F1E8}.Debug|Any CPU.Build.0 = Debug|Any CPU
		{03B8623F-BF1F-42F0-9A14-83901E52F1E8}.Release|Any CPU.ActiveCfg = Release|Any CPU
		{03B8623F-BF1F-42F0-9A14-83901E52F1E8}.Release|Any CPU.Build.0 = Release|Any CPU
		{5544F397-0541-41B0-B295-8FB4BB75BC40}.Debug|Any CPU.ActiveCfg = Debug|Any CPU
		{5544F397-0541-41B0-B295-8FB4BB75BC40}.Debug|Any CPU.Build.0 = Debug|Any CPU
		{5544F397-0541-41B0-B295-8FB4BB75BC40}.Release|Any CPU.ActiveCfg = Release|Any CPU
		{5544F397-0541-41B0-B295-8FB4BB75BC40}.Release|Any CPU.Build.0 = Release|Any CPU
	EndGlobalSection
	GlobalSection(SolutionProperties) = preSolution
		HideSolutionNode = FALSE
	EndGlobalSection
	GlobalSection(NestedProjects) = preSolution
		{04E998FF-8B87-49E3-BA02-646C4BB8BD9D} = {675D15BA-C19F-4FFF-BE5A-E1E7BFC924BA}
		{6F2547D7-BEF0-442F-B0AA-4E431C742ACC} = {04E998FF-8B87-49E3-BA02-646C4BB8BD9D}
		{D07C51B5-0859-44A7-9B3A-1E959A44D5EE} = {04E998FF-8B87-49E3-BA02-646C4BB8BD9D}
		{E318CE52-2656-49B4-8084-6F45DFA79FF7} = {04E998FF-8B87-49E3-BA02-646C4BB8BD9D}
		{7C94E22D-30B0-42F9-9BDF-84BE893F07A6} = {8E516DC7-0458-4062-81D8-29A8098A47D8}
		{5852F30A-8E96-4AAE-92EB-672C48F7C681} = {8E516DC7-0458-4062-81D8-29A8098A47D8}
		{94361486-1958-4DBA-B9F5-589AE6BB2A5C} = {8E8E3D87-27F0-40A6-B086-766FB7C8FBF5}
		{70AD53F7-B642-40C7-B964-6797D7C362E4} = {4252FE37-268A-4EB3-8885-258181EF5513}
		{E0B68B41-6206-48CF-9A32-F6F44AF16EC9} = {99BF732A-A8DA-4CE0-A3D3-2E72F95E4179}
		{10790436-5C9F-47AC-BA9B-E0787DFD2F56} = {99BF732A-A8DA-4CE0-A3D3-2E72F95E4179}
		{7A92A3CE-C7B1-4F22-AD66-DDA9A8864078} = {D1EB3A45-E865-4DFB-9872-74A3660FF215}
		{02DE51B5-F804-4854-BE79-7A39F3AB5623} = {D1EB3A45-E865-4DFB-9872-74A3660FF215}
		{F7E41A94-6E5D-46CD-8DD2-4764D3BC2EA9} = {9849F045-2409-4649-A8E7-794456C8A39C}
		{3BEB0577-B6D6-4881-A2BC-4151182E008B} = {9849F045-2409-4649-A8E7-794456C8A39C}
		{6D525934-BB77-4328-B3AB-C032122C7D67} = {0F1A402B-92DB-4E9C-9FCA-F40221BC88E5}
		{E7BAAC6E-2FB4-4D9C-8459-88D971992919} = {0F1A402B-92DB-4E9C-9FCA-F40221BC88E5}
		{CE19401D-A5A6-4FD9-A42F-1C20CDF77937} = {0F1A402B-92DB-4E9C-9FCA-F40221BC88E5}
		{EFB9E235-D910-4263-B8F9-93C54DC1F1A7} = {CE19401D-A5A6-4FD9-A42F-1C20CDF77937}
		{F8BA225E-63D8-4BEC-B5C0-20A7FE24AB81} = {CE19401D-A5A6-4FD9-A42F-1C20CDF77937}
		{D4E626C3-758A-46C0-A743-A0874220DF23} = {CE19401D-A5A6-4FD9-A42F-1C20CDF77937}
		{7AC3AD64-0CB8-4D77-9A63-33AA83732B97} = {CE19401D-A5A6-4FD9-A42F-1C20CDF77937}
		{3F8013FF-74E7-48E3-B067-AA29787CF510} = {27E7256B-2300-48C8-A73B-7AB612D2123F}
		{818D3EB7-9AFB-423C-AA9A-BB2F59F104ED} = {86D9EC56-B3B0-44AD-B1D4-1821F51D547C}
		{03B8623F-BF1F-42F0-9A14-83901E52F1E8} = {86D9EC56-B3B0-44AD-B1D4-1821F51D547C}
	EndGlobalSection
	GlobalSection(ExtensibilityGlobals) = postSolution
		SolutionGuid = {2A6B72B4-0A0E-4CB4-8C72-65FA2178875B}
	EndGlobalSection
EndGlobal
